
Microsoft Visual Studio Solution File, Format Version 12.00
# Visual Studio 14
VisualStudioVersion = 14.0.25420.1
MinimumVisualStudioVersion = 10.0.40219.1
Project("{2150E333-8FDC-42A3-9474-1A3956D46DE8}") = "Middle-tier", "Middle-tier", "{ADDFC982-6B23-40C1-9D7F-45DC00144CD3}"
EndProject
Project("{FAE04EC0-301F-11D3-BF4B-00C04F79EFBC}") = "VacancyServiceInterface", "VacancyServiceInterface\VacancyServiceInterface.csproj", "{3CFC9A6B-1822-4EC2-A614-3CD9D3C5696C}"
EndProject
Project("{FAE04EC0-301F-11D3-BF4B-00C04F79EFBC}") = "VacancyService", "VacancyService\VacancyService.csproj", "{C782D54C-EDEF-4D97-B09F-8F07F4904DC5}"
EndProject
Project("{2150E333-8FDC-42A3-9474-1A3956D46DE8}") = "Data-tier", "Data-tier", "{E7FAB241-204C-4212-AC59-2860BD29C4D7}"
EndProject
Project("{FAE04EC0-301F-11D3-BF4B-00C04F79EFBC}") = "VacancyService.Tests", "VacancyService.Tests\VacancyService.Tests.csproj", "{241C04D7-BE23-4D81-B270-D8CD8240AF18}"
EndProject
Project("{00D1A9C2-B5F0-4AF3-8072-F6C62B433612}") = "VacancyDatabase", "VacancyDatabase\VacancyDatabase.sqlproj", "{50E37AB1-137A-461B-A9E5-03A0E5921C18}"
EndProject
Project("{FAE04EC0-301F-11D3-BF4B-00C04F79EFBC}") = "ConsoleHost", "ConsoleHost\ConsoleHost.csproj", "{3BD75C4E-1D2C-4783-B1C6-F4A9B228C0C8}"
EndProject
Project("{2150E333-8FDC-42A3-9474-1A3956D46DE8}") = "Client-tier", "Client-tier", "{ED936457-293B-40DE-8FDB-9D8FA3C0111C}"
EndProject
Project("{FAE04EC0-301F-11D3-BF4B-00C04F79EFBC}") = "WpfClient", "WpfClient\WpfClient.csproj", "{CA42EBAF-DEA5-4D42-8434-05B73C5C738A}"
EndProject
Project("{FAE04EC0-301F-11D3-BF4B-00C04F79EFBC}") = "MvcClient", "MvcClient\MvcClient.csproj", "{97A8E384-A582-407E-8181-A432AEA5EF92}"
EndProject
Global
	GlobalSection(SolutionConfigurationPlatforms) = preSolution
		Debug|Any CPU = Debug|Any CPU
		Debug|x86 = Debug|x86
		Release|Any CPU = Release|Any CPU
		Release|x86 = Release|x86
	EndGlobalSection
	GlobalSection(ProjectConfigurationPlatforms) = postSolution
		{3CFC9A6B-1822-4EC2-A614-3CD9D3C5696C}.Debug|Any CPU.ActiveCfg = Debug|Any CPU
		{3CFC9A6B-1822-4EC2-A614-3CD9D3C5696C}.Debug|Any CPU.Build.0 = Debug|Any CPU
		{3CFC9A6B-1822-4EC2-A614-3CD9D3C5696C}.Debug|x86.ActiveCfg = Debug|Any CPU
		{3CFC9A6B-1822-4EC2-A614-3CD9D3C5696C}.Debug|x86.Build.0 = Debug|Any CPU
		{3CFC9A6B-1822-4EC2-A614-3CD9D3C5696C}.Release|Any CPU.ActiveCfg = Release|Any CPU
		{3CFC9A6B-1822-4EC2-A614-3CD9D3C5696C}.Release|Any CPU.Build.0 = Release|Any CPU
		{3CFC9A6B-1822-4EC2-A614-3CD9D3C5696C}.Release|x86.ActiveCfg = Release|Any CPU
		{3CFC9A6B-1822-4EC2-A614-3CD9D3C5696C}.Release|x86.Build.0 = Release|Any CPU
		{C782D54C-EDEF-4D97-B09F-8F07F4904DC5}.Debug|Any CPU.ActiveCfg = Debug|Any CPU
		{C782D54C-EDEF-4D97-B09F-8F07F4904DC5}.Debug|Any CPU.Build.0 = Debug|Any CPU
		{C782D54C-EDEF-4D97-B09F-8F07F4904DC5}.Debug|x86.ActiveCfg = Debug|Any CPU
		{C782D54C-EDEF-4D97-B09F-8F07F4904DC5}.Debug|x86.Build.0 = Debug|Any CPU
		{C782D54C-EDEF-4D97-B09F-8F07F4904DC5}.Release|Any CPU.ActiveCfg = Release|Any CPU
		{C782D54C-EDEF-4D97-B09F-8F07F4904DC5}.Release|Any CPU.Build.0 = Release|Any CPU
		{C782D54C-EDEF-4D97-B09F-8F07F4904DC5}.Release|x86.ActiveCfg = Release|Any CPU
		{C782D54C-EDEF-4D97-B09F-8F07F4904DC5}.Release|x86.Build.0 = Release|Any CPU
		{241C04D7-BE23-4D81-B270-D8CD8240AF18}.Debug|Any CPU.ActiveCfg = Debug|Any CPU
		{241C04D7-BE23-4D81-B270-D8CD8240AF18}.Debug|Any CPU.Build.0 = Debug|Any CPU
		{241C04D7-BE23-4D81-B270-D8CD8240AF18}.Debug|x86.ActiveCfg = Debug|Any CPU
		{241C04D7-BE23-4D81-B270-D8CD8240AF18}.Debug|x86.Build.0 = Debug|Any CPU
		{241C04D7-BE23-4D81-B270-D8CD8240AF18}.Release|Any CPU.ActiveCfg = Release|Any CPU
		{241C04D7-BE23-4D81-B270-D8CD8240AF18}.Release|Any CPU.Build.0 = Release|Any CPU
		{241C04D7-BE23-4D81-B270-D8CD8240AF18}.Release|x86.ActiveCfg = Release|Any CPU
		{241C04D7-BE23-4D81-B270-D8CD8240AF18}.Release|x86.Build.0 = Release|Any CPU
		{50E37AB1-137A-461B-A9E5-03A0E5921C18}.Debug|Any CPU.ActiveCfg = Debug|Any CPU
		{50E37AB1-137A-461B-A9E5-03A0E5921C18}.Debug|Any CPU.Build.0 = Debug|Any CPU
		{50E37AB1-137A-461B-A9E5-03A0E5921C18}.Debug|Any CPU.Deploy.0 = Debug|Any CPU
		{50E37AB1-137A-461B-A9E5-03A0E5921C18}.Debug|x86.ActiveCfg = Debug|Any CPU
		{50E37AB1-137A-461B-A9E5-03A0E5921C18}.Debug|x86.Build.0 = Debug|Any CPU
		{50E37AB1-137A-461B-A9E5-03A0E5921C18}.Debug|x86.Deploy.0 = Debug|Any CPU
		{50E37AB1-137A-461B-A9E5-03A0E5921C18}.Release|Any CPU.ActiveCfg = Release|Any CPU
		{50E37AB1-137A-461B-A9E5-03A0E5921C18}.Release|Any CPU.Build.0 = Release|Any CPU
		{50E37AB1-137A-461B-A9E5-03A0E5921C18}.Release|Any CPU.Deploy.0 = Release|Any CPU
		{50E37AB1-137A-461B-A9E5-03A0E5921C18}.Release|x86.ActiveCfg = Release|Any CPU
		{50E37AB1-137A-461B-A9E5-03A0E5921C18}.Release|x86.Build.0 = Release|Any CPU
		{50E37AB1-137A-461B-A9E5-03A0E5921C18}.Release|x86.Deploy.0 = Release|Any CPU
		{3BD75C4E-1D2C-4783-B1C6-F4A9B228C0C8}.Debug|Any CPU.ActiveCfg = Debug|Any CPU
		{3BD75C4E-1D2C-4783-B1C6-F4A9B228C0C8}.Debug|Any CPU.Build.0 = Debug|Any CPU
		{3BD75C4E-1D2C-4783-B1C6-F4A9B228C0C8}.Debug|x86.ActiveCfg = Debug|Any CPU
		{3BD75C4E-1D2C-4783-B1C6-F4A9B228C0C8}.Debug|x86.Build.0 = Debug|Any CPU
		{3BD75C4E-1D2C-4783-B1C6-F4A9B228C0C8}.Release|Any CPU.ActiveCfg = Release|Any CPU
		{3BD75C4E-1D2C-4783-B1C6-F4A9B228C0C8}.Release|Any CPU.Build.0 = Release|Any CPU
		{3BD75C4E-1D2C-4783-B1C6-F4A9B228C0C8}.Release|x86.ActiveCfg = Release|Any CPU
		{3BD75C4E-1D2C-4783-B1C6-F4A9B228C0C8}.Release|x86.Build.0 = Release|Any CPU
		{CA42EBAF-DEA5-4D42-8434-05B73C5C738A}.Debug|Any CPU.ActiveCfg = Debug|Any CPU
		{CA42EBAF-DEA5-4D42-8434-05B73C5C738A}.Debug|Any CPU.Build.0 = Debug|Any CPU
		{CA42EBAF-DEA5-4D42-8434-05B73C5C738A}.Debug|x86.ActiveCfg = Debug|Any CPU
		{CA42EBAF-DEA5-4D42-8434-05B73C5C738A}.Debug|x86.Build.0 = Debug|Any CPU
		{CA42EBAF-DEA5-4D42-8434-05B73C5C738A}.Release|Any CPU.ActiveCfg = Release|Any CPU
		{CA42EBAF-DEA5-4D42-8434-05B73C5C738A}.Release|Any CPU.Build.0 = Release|Any CPU
		{CA42EBAF-DEA5-4D42-8434-05B73C5C738A}.Release|x86.ActiveCfg = Release|Any CPU
		{CA42EBAF-DEA5-4D42-8434-05B73C5C738A}.Release|x86.Build.0 = Release|Any CPU
		{97A8E384-A582-407E-8181-A432AEA5EF92}.Debug|Any CPU.ActiveCfg = Debug|Any CPU
		{97A8E384-A582-407E-8181-A432AEA5EF92}.Debug|Any CPU.Build.0 = Debug|Any CPU
		{97A8E384-A582-407E-8181-A432AEA5EF92}.Debug|x86.ActiveCfg = Debug|Any CPU
		{97A8E384-A582-407E-8181-A432AEA5EF92}.Debug|x86.Build.0 = Debug|Any CPU
		{97A8E384-A582-407E-8181-A432AEA5EF92}.Release|Any CPU.ActiveCfg = Release|Any CPU
		{97A8E384-A582-407E-8181-A432AEA5EF92}.Release|Any CPU.Build.0 = Release|Any CPU
		{97A8E384-A582-407E-8181-A432AEA5EF92}.Release|x86.ActiveCfg = Release|Any CPU
		{97A8E384-A582-407E-8181-A432AEA5EF92}.Release|x86.Build.0 = Release|Any CPU
	EndGlobalSection
	GlobalSection(SolutionProperties) = preSolution
		HideSolutionNode = FALSE
	EndGlobalSection
	GlobalSection(NestedProjects) = preSolution
		{3CFC9A6B-1822-4EC2-A614-3CD9D3C5696C} = {ADDFC982-6B23-40C1-9D7F-45DC00144CD3}
		{C782D54C-EDEF-4D97-B09F-8F07F4904DC5} = {ADDFC982-6B23-40C1-9D7F-45DC00144CD3}
		{241C04D7-BE23-4D81-B270-D8CD8240AF18} = {ADDFC982-6B23-40C1-9D7F-45DC00144CD3}
		{50E37AB1-137A-461B-A9E5-03A0E5921C18} = {E7FAB241-204C-4212-AC59-2860BD29C4D7}
		{3BD75C4E-1D2C-4783-B1C6-F4A9B228C0C8} = {ADDFC982-6B23-40C1-9D7F-45DC00144CD3}
		{CA42EBAF-DEA5-4D42-8434-05B73C5C738A} = {ED936457-293B-40DE-8FDB-9D8FA3C0111C}
		{97A8E384-A582-407E-8181-A432AEA5EF92} = {ED936457-293B-40DE-8FDB-9D8FA3C0111C}
	EndGlobalSection
EndGlobal
